{
  "name": "bhit-work-os-web",
  "version": "0.1.0",
  "private": true,
  "scripts": {
    "dev": "next dev -p 3001",
    "build": "next build",
    "start": "next start",
    "lint": "eslint . --ext .ts,.tsx --max-warnings=0",
    "typecheck": "tsc --noEmit",
    "dev:check": "npm run lint && npm run typecheck"
  },
  "dependencies": {
    "@supabase/supabase-js": "^2.42.0",
    "next": "14.2.3",
    "react": "^18",
    "react-dom": "^18"
  },
  "devDependencies": {
    "@types/node": "^20",
    "@types/react": "^18",
    "@types/react-dom": "^18",
    "eslint": "^8",
    "eslint-config-next": "14.2.3",
    "typescript": "^5"
  }
}